
Microsoft Visual Studio Solution File, Format Version 12.00
# Visual Studio 15
VisualStudioVersion = 15.0.28307.960
MinimumVisualStudioVersion = 10.0.40219.1
Project("{FAE04EC0-301F-11D3-BF4B-00C04F79EFBC}") = "WindowsFormsApp1", "WindowsFormsApp1\WindowsFormsApp1.csproj", "{61F7F813-310B-4AD0-9995-4A914A16DA4C}"
EndProject
Global
	GlobalSection(SolutionConfigurationPlatforms) = preSolution
		Debug|Any CPU = Debug|Any CPU
		Release|Any CPU = Release|Any CPU
	EndGlobalSection
	GlobalSection(ProjectConfigurationPlatforms) = postSolution
		{61F7F813-310B-4AD0-9995-4A914A16DA4C}.Debug|Any CPU.ActiveCfg = Debug|Any CPU
		{61F7F813-310B-4AD0-9995-4A914A16DA4C}.Debug|Any CPU.Build.0 = Debug|Any CPU
		{61F7F813-310B-4AD0-9995-4A914A16DA4C}.Release|Any CPU.ActiveCfg = Release|Any CPU
		{61F7F813-310B-4AD0-9995-4A914A16DA4C}.Release|Any CPU.Build.0 = Release|Any CPU
	EndGlobalSection
	GlobalSection(SolutionProperties) = preSolution
		HideSolutionNode = FALSE
	EndGlobalSection
	GlobalSection(ExtensibilityGlobals) = postSolution
		SolutionGuid = {F0259E95-0D74-4FA1-9BC4-8531F9790FD5}
	EndGlobalSection
EndGlobal
